
Microsoft Visual Studio Solution File, Format Version 12.00
# Visual Studio Version 17
VisualStudioVersion = 17.1.32210.238
MinimumVisualStudioVersion = 10.0.40219.1
Project("{FAE04EC0-301F-11D3-BF4B-00C04F79EFBC}") = "Demo_Project", "Demo_Project.csproj", "{593F13A6-DE42-47BC-B291-39D697E5F50D}"
EndProject
Global
	GlobalSection(SolutionConfigurationPlatforms) = preSolution
		Debug|Any CPU = Debug|Any CPU
		Release|Any CPU = Release|Any CPU
	EndGlobalSection
	GlobalSection(ProjectConfigurationPlatforms) = postSolution
		{593F13A6-DE42-47BC-B291-39D697E5F50D}.Debug|Any CPU.ActiveCfg = Debug|Any CPU
		{593F13A6-DE42-47BC-B291-39D697E5F50D}.Debug|Any CPU.Build.0 = Debug|Any CPU
		{593F13A6-DE42-47BC-B291-39D697E5F50D}.Release|Any CPU.ActiveCfg = Release|Any CPU
		{593F13A6-DE42-47BC-B291-39D697E5F50D}.Release|Any CPU.Build.0 = Release|Any CPU
	EndGlobalSection
	GlobalSection(SolutionProperties) = preSolution
		HideSolutionNode = FALSE
	EndGlobalSection
	GlobalSection(ExtensibilityGlobals) = postSolution
		SolutionGuid = {D73D9DBF-AEEE-4962-91BE-50928446898D}
	EndGlobalSection
EndGlobal
