
Microsoft Visual Studio Solution File, Format Version 12.00
# Visual Studio Version 17
VisualStudioVersion = 17.1.32210.238
MinimumVisualStudioVersion = 10.0.40219.1
Project("{FAE04EC0-301F-11D3-BF4B-00C04F79EFBC}") = "AllBasicsDemos", "AllBasicsDemos.csproj", "{983E33E0-C806-483D-A223-72B2C032F02E}"
EndProject
Global
	GlobalSection(SolutionConfigurationPlatforms) = preSolution
		Debug|Any CPU = Debug|Any CPU
		Release|Any CPU = Release|Any CPU
	EndGlobalSection
	GlobalSection(ProjectConfigurationPlatforms) = postSolution
		{983E33E0-C806-483D-A223-72B2C032F02E}.Debug|Any CPU.ActiveCfg = Debug|Any CPU
		{983E33E0-C806-483D-A223-72B2C032F02E}.Debug|Any CPU.Build.0 = Debug|Any CPU
		{983E33E0-C806-483D-A223-72B2C032F02E}.Release|Any CPU.ActiveCfg = Debug|Any CPU
		{983E33E0-C806-483D-A223-72B2C032F02E}.Release|Any CPU.Build.0 = Debug|Any CPU
	EndGlobalSection
	GlobalSection(SolutionProperties) = preSolution
		HideSolutionNode = FALSE
	EndGlobalSection
	GlobalSection(ExtensibilityGlobals) = postSolution
		SolutionGuid = {FB9E9AD6-9C3F-4922-A1D0-624766C72F21}
	EndGlobalSection
EndGlobal
