
Microsoft Visual Studio Solution File, Format Version 12.00
# Visual Studio Version 17
VisualStudioVersion = 17.1.32210.238
MinimumVisualStudioVersion = 10.0.40219.1
Project("{9A19103F-16F7-4668-BE54-9A1E7A4F7556}") = "Crud_operations_mvc", "Crud_operations_mvc.csproj", "{67ACDA3E-3E21-441B-9DE0-0517EFA31A3C}"
EndProject
Project("{2150E333-8FDC-42A3-9474-1A3956D46DE8}") = "Solution Items", "Solution Items", "{0AD09193-9240-48E2-9118-4667FACF53FF}"
	ProjectSection(SolutionItems) = preProject
		.editorconfig = .editorconfig
	EndProjectSection
EndProject
Global
	GlobalSection(SolutionConfigurationPlatforms) = preSolution
		Debug|Any CPU = Debug|Any CPU
		Release|Any CPU = Release|Any CPU
	EndGlobalSection
	GlobalSection(ProjectConfigurationPlatforms) = postSolution
		{67ACDA3E-3E21-441B-9DE0-0517EFA31A3C}.Debug|Any CPU.ActiveCfg = Debug|Any CPU
		{67ACDA3E-3E21-441B-9DE0-0517EFA31A3C}.Debug|Any CPU.Build.0 = Debug|Any CPU
		{67ACDA3E-3E21-441B-9DE0-0517EFA31A3C}.Release|Any CPU.ActiveCfg = Release|Any CPU
		{67ACDA3E-3E21-441B-9DE0-0517EFA31A3C}.Release|Any CPU.Build.0 = Release|Any CPU
	EndGlobalSection
	GlobalSection(SolutionProperties) = preSolution
		HideSolutionNode = FALSE
	EndGlobalSection
	GlobalSection(ExtensibilityGlobals) = postSolution
		SolutionGuid = {413CAD4B-C26D-4E92-9E6D-4817EED34F68}
	EndGlobalSection
EndGlobal
